
Microsoft Visual Studio Solution File, Format Version 12.00
# Visual Studio Version 17
VisualStudioVersion = 17.4.33213.308
MinimumVisualStudioVersion = 10.0.40219.1
Project("{FAE04EC0-301F-11D3-BF4B-00C04F79EFBC}") = "DataAccessLayer", "DataAccessLayer\DataAccessLayer.csproj", "{B041F9F4-9F06-46FC-9EC7-022937CE1463}"
EndProject
Project("{FAE04EC0-301F-11D3-BF4B-00C04F79EFBC}") = "CoreLayer", "CoreLayer\CoreLayer.csproj", "{FD229967-318F-4B48-8FB2-0F869CA6FC75}"
EndProject
Project("{FAE04EC0-301F-11D3-BF4B-00C04F79EFBC}") = "BusinessLayer", "BusinessLayer\BusinessLayer.csproj", "{8810F03B-D3AD-4AF8-AD25-2230BB7AD994}"
EndProject
Project("{FAE04EC0-301F-11D3-BF4B-00C04F79EFBC}") = "Tesisat", "Tesisat\Tesisat.csproj", "{D7FD83B3-4097-4D74-AB16-AA7193B97BB7}"
EndProject
Global
	GlobalSection(SolutionConfigurationPlatforms) = preSolution
		Debug|Any CPU = Debug|Any CPU
		Release|Any CPU = Release|Any CPU
	EndGlobalSection
	GlobalSection(ProjectConfigurationPlatforms) = postSolution
		{B041F9F4-9F06-46FC-9EC7-022937CE1463}.Debug|Any CPU.ActiveCfg = Debug|Any CPU
		{B041F9F4-9F06-46FC-9EC7-022937CE1463}.Debug|Any CPU.Build.0 = Debug|Any CPU
		{B041F9F4-9F06-46FC-9EC7-022937CE1463}.Release|Any CPU.ActiveCfg = Release|Any CPU
		{B041F9F4-9F06-46FC-9EC7-022937CE1463}.Release|Any CPU.Build.0 = Release|Any CPU
		{FD229967-318F-4B48-8FB2-0F869CA6FC75}.Debug|Any CPU.ActiveCfg = Debug|Any CPU
		{FD229967-318F-4B48-8FB2-0F869CA6FC75}.Debug|Any CPU.Build.0 = Debug|Any CPU
		{FD229967-318F-4B48-8FB2-0F869CA6FC75}.Release|Any CPU.ActiveCfg = Release|Any CPU
		{FD229967-318F-4B48-8FB2-0F869CA6FC75}.Release|Any CPU.Build.0 = Release|Any CPU
		{8810F03B-D3AD-4AF8-AD25-2230BB7AD994}.Debug|Any CPU.ActiveCfg = Debug|Any CPU
		{8810F03B-D3AD-4AF8-AD25-2230BB7AD994}.Debug|Any CPU.Build.0 = Debug|Any CPU
		{8810F03B-D3AD-4AF8-AD25-2230BB7AD994}.Release|Any CPU.ActiveCfg = Release|Any CPU
		{8810F03B-D3AD-4AF8-AD25-2230BB7AD994}.Release|Any CPU.Build.0 = Release|Any CPU
		{D7FD83B3-4097-4D74-AB16-AA7193B97BB7}.Debug|Any CPU.ActiveCfg = Debug|Any CPU
		{D7FD83B3-4097-4D74-AB16-AA7193B97BB7}.Debug|Any CPU.Build.0 = Debug|Any CPU
		{D7FD83B3-4097-4D74-AB16-AA7193B97BB7}.Release|Any CPU.ActiveCfg = Release|Any CPU
		{D7FD83B3-4097-4D74-AB16-AA7193B97BB7}.Release|Any CPU.Build.0 = Release|Any CPU
	EndGlobalSection
	GlobalSection(SolutionProperties) = preSolution
		HideSolutionNode = FALSE
	EndGlobalSection
	GlobalSection(ExtensibilityGlobals) = postSolution
		SolutionGuid = {89675D5B-1985-47BE-80EC-F14DA8ABD295}
	EndGlobalSection
EndGlobal
